// !$*UTF8*$!
{
	archiveVersion = 1;
	classes = {
	};
	objectVersion = 56;
	objects = {

/* Begin PBXBuildFile section */
		862406A72AF514B80058822C /* AppDelegate.swift in Sources */ = {isa = PBXBuildFile; fileRef = 862406A62AF514B80058822C /* AppDelegate.swift */; };
		862406A92AF514B80058822C /* SceneDelegate.swift in Sources */ = {isa = PBXBuildFile; fileRef = 862406A82AF514B80058822C /* SceneDelegate.swift */; };
		862406AB2AF514B80058822C /* ViewController.swift in Sources */ = {isa = PBXBuildFile; fileRef = 862406AA2AF514B80058822C /* ViewController.swift */; };
		862406AE2AF514B80058822C /* Main.storyboard in Resources */ = {isa = PBXBuildFile; fileRef = 862406AC2AF514B80058822C /* Main.storyboard */; };
		862406B02AF514B90058822C /* Assets.xcassets in Resources */ = {isa = PBXBuildFile; fileRef = 862406AF2AF514B90058822C /* Assets.xcassets */; };
		862406B32AF514B90058822C /* LaunchScreen.storyboard in Resources */ = {isa = PBXBuildFile; fileRef = 862406B12AF514B90058822C /* LaunchScreen.storyboard */; };
		862554E32AF53787003F34D4 /* HomePageViewController.swift in Sources */ = {isa = PBXBuildFile; fileRef = 862554E12AF53787003F34D4 /* HomePageViewController.swift */; };
		862554E42AF53787003F34D4 /* HomePageViewController.xib in Resources */ = {isa = PBXBuildFile; fileRef = 862554E22AF53787003F34D4 /* HomePageViewController.xib */; };
		862554EA2AF53BB6003F34D4 /* UnplashAPI.swift in Sources */ = {isa = PBXBuildFile; fileRef = 862554E92AF53BB6003F34D4 /* UnplashAPI.swift */; };
		862554ED2AF53D6F003F34D4 /* UnplashConfig.swift in Sources */ = {isa = PBXBuildFile; fileRef = 862554EC2AF53D6F003F34D4 /* UnplashConfig.swift */; };
		862554EF2AF53F57003F34D4 /* UnplashNetworkManager.swift in Sources */ = {isa = PBXBuildFile; fileRef = 862554EE2AF53F57003F34D4 /* UnplashNetworkManager.swift */; };
		862554F62AF5408A003F34D4 /* UnplashImageInfo.swift in Sources */ = {isa = PBXBuildFile; fileRef = 862554F52AF5408A003F34D4 /* UnplashImageInfo.swift */; };
		862554F82AF540BE003F34D4 /* ImageURLs.swift in Sources */ = {isa = PBXBuildFile; fileRef = 862554F72AF540BE003F34D4 /* ImageURLs.swift */; };
		862554FB2AF5472E003F34D4 /* PhotoCollectionViewCell.swift in Sources */ = {isa = PBXBuildFile; fileRef = 862554F92AF5472E003F34D4 /* PhotoCollectionViewCell.swift */; };
		862554FC2AF5472E003F34D4 /* PhotoCollectionViewCell.xib in Resources */ = {isa = PBXBuildFile; fileRef = 862554FA2AF5472E003F34D4 /* PhotoCollectionViewCell.xib */; };
		862554FF2AF5477A003F34D4 /* NSObject+Extension.swift in Sources */ = {isa = PBXBuildFile; fileRef = 862554FE2AF5477A003F34D4 /* NSObject+Extension.swift */; };
		8670510B2AF549EF0090304E /* CHTCollectionViewWaterfallLayout.swift in Sources */ = {isa = PBXBuildFile; fileRef = 8670510A2AF549EF0090304E /* CHTCollectionViewWaterfallLayout.swift */; };
		8BED32438D416E96F96E5DE7 /* Pods_UnplashPhotos.framework in Frameworks */ = {isa = PBXBuildFile; fileRef = 46F758509C9EC7E643DF5B9A /* Pods_UnplashPhotos.framework */; };
/* End PBXBuildFile section */

/* Begin PBXFileReference section */
		09AC69652CE89CD6975E1A4B /* Pods-UnplashPhotos.debug.xcconfig */ = {isa = PBXFileReference; includeInIndex = 1; lastKnownFileType = text.xcconfig; name = "Pods-UnplashPhotos.debug.xcconfig"; path = "Target Support Files/Pods-UnplashPhotos/Pods-UnplashPhotos.debug.xcconfig"; sourceTree = "<group>"; };
		46F758509C9EC7E643DF5B9A /* Pods_UnplashPhotos.framework */ = {isa = PBXFileReference; explicitFileType = wrapper.framework; includeInIndex = 0; path = Pods_UnplashPhotos.framework; sourceTree = BUILT_PRODUCTS_DIR; };
		7CA7F682E4F02E8E7FA1D0E2 /* Pods-UnplashPhotos.release.xcconfig */ = {isa = PBXFileReference; includeInIndex = 1; lastKnownFileType = text.xcconfig; name = "Pods-UnplashPhotos.release.xcconfig"; path = "Target Support Files/Pods-UnplashPhotos/Pods-UnplashPhotos.release.xcconfig"; sourceTree = "<group>"; };
		862406A32AF514B80058822C /* UnplashPhotos.app */ = {isa = PBXFileReference; explicitFileType = wrapper.application; includeInIndex = 0; path = UnplashPhotos.app; sourceTree = BUILT_PRODUCTS_DIR; };
		862406A62AF514B80058822C /* AppDelegate.swift */ = {isa = PBXFileReference; lastKnownFileType = sourcecode.swift; path = AppDelegate.swift; sourceTree = "<group>"; };
		862406A82AF514B80058822C /* SceneDelegate.swift */ = {isa = PBXFileReference; lastKnownFileType = sourcecode.swift; path = SceneDelegate.swift; sourceTree = "<group>"; };
		862406AA2AF514B80058822C /* ViewController.swift */ = {isa = PBXFileReference; lastKnownFileType = sourcecode.swift; path = ViewController.swift; sourceTree = "<group>"; };
		862406AD2AF514B80058822C /* Base */ = {isa = PBXFileReference; lastKnownFileType = file.storyboard; name = Base; path = Base.lproj/Main.storyboard; sourceTree = "<group>"; };
		862406AF2AF514B90058822C /* Assets.xcassets */ = {isa = PBXFileReference; lastKnownFileType = folder.assetcatalog; path = Assets.xcassets; sourceTree = "<group>"; };
		862406B22AF514B90058822C /* Base */ = {isa = PBXFileReference; lastKnownFileType = file.storyboard; name = Base; path = Base.lproj/LaunchScreen.storyboard; sourceTree = "<group>"; };
		862406B42AF514B90058822C /* Info.plist */ = {isa = PBXFileReference; lastKnownFileType = text.plist.xml; path = Info.plist; sourceTree = "<group>"; };
		862554E12AF53787003F34D4 /* HomePageViewController.swift */ = {isa = PBXFileReference; lastKnownFileType = sourcecode.swift; path = HomePageViewController.swift; sourceTree = "<group>"; };
		862554E22AF53787003F34D4 /* HomePageViewController.xib */ = {isa = PBXFileReference; lastKnownFileType = file.xib; path = HomePageViewController.xib; sourceTree = "<group>"; };
		862554E92AF53BB6003F34D4 /* UnplashAPI.swift */ = {isa = PBXFileReference; lastKnownFileType = sourcecode.swift; path = UnplashAPI.swift; sourceTree = "<group>"; };
		862554EC2AF53D6F003F34D4 /* UnplashConfig.swift */ = {isa = PBXFileReference; lastKnownFileType = sourcecode.swift; path = UnplashConfig.swift; sourceTree = "<group>"; };
		862554EE2AF53F57003F34D4 /* UnplashNetworkManager.swift */ = {isa = PBXFileReference; lastKnownFileType = sourcecode.swift; path = UnplashNetworkManager.swift; sourceTree = "<group>"; };
		862554F52AF5408A003F34D4 /* UnplashImageInfo.swift */ = {isa = PBXFileReference; lastKnownFileType = sourcecode.swift; path = UnplashImageInfo.swift; sourceTree = "<group>"; };
		862554F72AF540BE003F34D4 /* ImageURLs.swift */ = {isa = PBXFileReference; lastKnownFileType = sourcecode.swift; path = ImageURLs.swift; sourceTree = "<group>"; };
		862554F92AF5472E003F34D4 /* PhotoCollectionViewCell.swift */ = {isa = PBXFileReference; lastKnownFileType = sourcecode.swift; path = PhotoCollectionViewCell.swift; sourceTree = "<group>"; };
		862554FA2AF5472E003F34D4 /* PhotoCollectionViewCell.xib */ = {isa = PBXFileReference; lastKnownFileType = file.xib; path = PhotoCollectionViewCell.xib; sourceTree = "<group>"; };
		862554FE2AF5477A003F34D4 /* NSObject+Extension.swift */ = {isa = PBXFileReference; lastKnownFileType = sourcecode.swift; path = "NSObject+Extension.swift"; sourceTree = "<group>"; };
		8670510A2AF549EF0090304E /* CHTCollectionViewWaterfallLayout.swift */ = {isa = PBXFileReference; lastKnownFileType = sourcecode.swift; path = CHTCollectionViewWaterfallLayout.swift; sourceTree = "<group>"; };
/* End PBXFileReference section */

/* Begin PBXFrameworksBuildPhase section */
		862406A02AF514B80058822C /* Frameworks */ = {
			isa = PBXFrameworksBuildPhase;
			buildActionMask = 2147483647;
			files = (
				8BED32438D416E96F96E5DE7 /* Pods_UnplashPhotos.framework in Frameworks */,
			);
			runOnlyForDeploymentPostprocessing = 0;
		};
/* End PBXFrameworksBuildPhase section */

/* Begin PBXGroup section */
		8624069A2AF514B80058822C = {
			isa = PBXGroup;
			children = (
				862406A52AF514B80058822C /* UnplashPhotos */,
				862406A42AF514B80058822C /* Products */,
				DF8AAD82A50747B2AD31BE6C /* Pods */,
				D34ACD4E72F8607D320AEEB3 /* Frameworks */,
			);
			sourceTree = "<group>";
		};
		862406A42AF514B80058822C /* Products */ = {
			isa = PBXGroup;
			children = (
				862406A32AF514B80058822C /* UnplashPhotos.app */,
			);
			name = Products;
			sourceTree = "<group>";
		};
		862406A52AF514B80058822C /* UnplashPhotos */ = {
			isa = PBXGroup;
			children = (
				867051082AF549AD0090304E /* Library */,
				862406BA2AF514D80058822C /* Modules */,
				862406AA2AF514B80058822C /* ViewController.swift */,
				862406AC2AF514B80058822C /* Main.storyboard */,
				862406AF2AF514B90058822C /* Assets.xcassets */,
				862406B12AF514B90058822C /* LaunchScreen.storyboard */,
				862406B42AF514B90058822C /* Info.plist */,
			);
			path = UnplashPhotos;
			sourceTree = "<group>";
		};
		862406BA2AF514D80058822C /* Modules */ = {
			isa = PBXGroup;
			children = (
				862554FD2AF54746003F34D4 /* Extensions */,
				862554E62AF53B5A003F34D4 /* Services */,
				862554E52AF53796003F34D4 /* GalleryConfig */,
				862554E02AF53759003F34D4 /* HomePage */,
				862406BC2AF5150C0058822C /* SceneDelegate */,
				862406BB2AF514EA0058822C /* AppDelegate */,
			);
			path = Modules;
			sourceTree = "<group>";
		};
		862406BB2AF514EA0058822C /* AppDelegate */ = {
			isa = PBXGroup;
			children = (
				862406A62AF514B80058822C /* AppDelegate.swift */,
			);
			path = AppDelegate;
			sourceTree = "<group>";
		};
		862406BC2AF5150C0058822C /* SceneDelegate */ = {
			isa = PBXGroup;
			children = (
				862406A82AF514B80058822C /* SceneDelegate.swift */,
			);
			path = SceneDelegate;
			sourceTree = "<group>";
		};
		862554E02AF53759003F34D4 /* HomePage */ = {
			isa = PBXGroup;
			children = (
				862554F42AF54015003F34D4 /* Views */,
				862554F22AF53FD5003F34D4 /* ViewModel */,
				862554F02AF53FB3003F34D4 /* Model */,
			);
			path = HomePage;
			sourceTree = "<group>";
		};
		862554E52AF53796003F34D4 /* GalleryConfig */ = {
			isa = PBXGroup;
			children = (
			);
			path = GalleryConfig;
			sourceTree = "<group>";
		};
		862554E62AF53B5A003F34D4 /* Services */ = {
			isa = PBXGroup;
			children = (
				862554EB2AF53D56003F34D4 /* UnplashConfig */,
				862554E72AF53B66003F34D4 /* UnplashAPIService */,
			);
			path = Services;
			sourceTree = "<group>";
		};
		862554E72AF53B66003F34D4 /* UnplashAPIService */ = {
			isa = PBXGroup;
			children = (
				862554E82AF53B76003F34D4 /* NetworkManager */,
			);
			path = UnplashAPIService;
			sourceTree = "<group>";
		};
		862554E82AF53B76003F34D4 /* NetworkManager */ = {
			isa = PBXGroup;
			children = (
				862554E92AF53BB6003F34D4 /* UnplashAPI.swift */,
				862554EE2AF53F57003F34D4 /* UnplashNetworkManager.swift */,
			);
			path = NetworkManager;
			sourceTree = "<group>";
		};
		862554EB2AF53D56003F34D4 /* UnplashConfig */ = {
			isa = PBXGroup;
			children = (
				862554EC2AF53D6F003F34D4 /* UnplashConfig.swift */,
			);
			path = UnplashConfig;
			sourceTree = "<group>";
		};
		862554F02AF53FB3003F34D4 /* Model */ = {
			isa = PBXGroup;
			children = (
				862554F52AF5408A003F34D4 /* UnplashImageInfo.swift */,
				862554F72AF540BE003F34D4 /* ImageURLs.swift */,
			);
			path = Model;
			sourceTree = "<group>";
		};
		862554F22AF53FD5003F34D4 /* ViewModel */ = {
			isa = PBXGroup;
			children = (
			);
			path = ViewModel;
			sourceTree = "<group>";
		};
		862554F42AF54015003F34D4 /* Views */ = {
			isa = PBXGroup;
			children = (
				862554E12AF53787003F34D4 /* HomePageViewController.swift */,
				862554E22AF53787003F34D4 /* HomePageViewController.xib */,
				862554F92AF5472E003F34D4 /* PhotoCollectionViewCell.swift */,
				862554FA2AF5472E003F34D4 /* PhotoCollectionViewCell.xib */,
			);
			path = Views;
			sourceTree = "<group>";
		};
		862554FD2AF54746003F34D4 /* Extensions */ = {
			isa = PBXGroup;
			children = (
				862554FE2AF5477A003F34D4 /* NSObject+Extension.swift */,
			);
			path = Extensions;
			sourceTree = "<group>";
		};
		867051082AF549AD0090304E /* Library */ = {
			isa = PBXGroup;
			children = (
				867051092AF549BC0090304E /* CHTCollectionViewWaterfallLayout */,
			);
			path = Library;
			sourceTree = "<group>";
		};
		867051092AF549BC0090304E /* CHTCollectionViewWaterfallLayout */ = {
			isa = PBXGroup;
			children = (
				8670510A2AF549EF0090304E /* CHTCollectionViewWaterfallLayout.swift */,
			);
			path = CHTCollectionViewWaterfallLayout;
			sourceTree = "<group>";
		};
		D34ACD4E72F8607D320AEEB3 /* Frameworks */ = {
			isa = PBXGroup;
			children = (
				46F758509C9EC7E643DF5B9A /* Pods_UnplashPhotos.framework */,
			);
			name = Frameworks;
			sourceTree = "<group>";
		};
		DF8AAD82A50747B2AD31BE6C /* Pods */ = {
			isa = PBXGroup;
			children = (
				09AC69652CE89CD6975E1A4B /* Pods-UnplashPhotos.debug.xcconfig */,
				7CA7F682E4F02E8E7FA1D0E2 /* Pods-UnplashPhotos.release.xcconfig */,
			);
			path = Pods;
			sourceTree = "<group>";
		};
/* End PBXGroup section */

/* Begin PBXNativeTarget section */
		862406A22AF514B80058822C /* UnplashPhotos */ = {
			isa = PBXNativeTarget;
			buildConfigurationList = 862406B72AF514B90058822C /* Build configuration list for PBXNativeTarget "UnplashPhotos" */;
			buildPhases = (
				D00777470996F1FA80B1F0BB /* [CP] Check Pods Manifest.lock */,
				8624069F2AF514B80058822C /* Sources */,
				862406A02AF514B80058822C /* Frameworks */,
				862406A12AF514B80058822C /* Resources */,
				0BB705F52856768B17FDEBB0 /* [CP] Embed Pods Frameworks */,
			);
			buildRules = (
			);
			dependencies = (
			);
			name = UnplashPhotos;
			productName = UnplashPhotos;
			productReference = 862406A32AF514B80058822C /* UnplashPhotos.app */;
			productType = "com.apple.product-type.application";
		};
/* End PBXNativeTarget section */

/* Begin PBXProject section */
		8624069B2AF514B80058822C /* Project object */ = {
			isa = PBXProject;
			attributes = {
				BuildIndependentTargetsInParallel = 1;
				LastSwiftUpdateCheck = 1430;
				LastUpgradeCheck = 1430;
				TargetAttributes = {
					862406A22AF514B80058822C = {
						CreatedOnToolsVersion = 14.3.1;
					};
				};
			};
			buildConfigurationList = 8624069E2AF514B80058822C /* Build configuration list for PBXProject "UnplashPhotos" */;
			compatibilityVersion = "Xcode 14.0";
			developmentRegion = en;
			hasScannedForEncodings = 0;
			knownRegions = (
				en,
				Base,
			);
			mainGroup = 8624069A2AF514B80058822C;
			productRefGroup = 862406A42AF514B80058822C /* Products */;
			projectDirPath = "";
			projectRoot = "";
			targets = (
				862406A22AF514B80058822C /* UnplashPhotos */,
			);
		};
/* End PBXProject section */

/* Begin PBXResourcesBuildPhase section */
		862406A12AF514B80058822C /* Resources */ = {
			isa = PBXResourcesBuildPhase;
			buildActionMask = 2147483647;
			files = (
				862554E42AF53787003F34D4 /* HomePageViewController.xib in Resources */,
				862554FC2AF5472E003F34D4 /* PhotoCollectionViewCell.xib in Resources */,
				862406B32AF514B90058822C /* LaunchScreen.storyboard in Resources */,
				862406B02AF514B90058822C /* Assets.xcassets in Resources */,
				862406AE2AF514B80058822C /* Main.storyboard in Resources */,
			);
			runOnlyForDeploymentPostprocessing = 0;
		};
/* End PBXResourcesBuildPhase section */

/* Begin PBXShellScriptBuildPhase section */
		0BB705F52856768B17FDEBB0 /* [CP] Embed Pods Frameworks */ = {
			isa = PBXShellScriptBuildPhase;
			buildActionMask = 2147483647;
			files = (
			);
			inputFileListPaths = (
				"${PODS_ROOT}/Target Support Files/Pods-UnplashPhotos/Pods-UnplashPhotos-frameworks-${CONFIGURATION}-input-files.xcfilelist",
			);
			name = "[CP] Embed Pods Frameworks";
			outputFileListPaths = (
				"${PODS_ROOT}/Target Support Files/Pods-UnplashPhotos/Pods-UnplashPhotos-frameworks-${CONFIGURATION}-output-files.xcfilelist",
			);
			runOnlyForDeploymentPostprocessing = 0;
			shellPath = /bin/sh;
			shellScript = "\"${PODS_ROOT}/Target Support Files/Pods-UnplashPhotos/Pods-UnplashPhotos-frameworks.sh\"\n";
			showEnvVarsInLog = 0;
		};
		D00777470996F1FA80B1F0BB /* [CP] Check Pods Manifest.lock */ = {
			isa = PBXShellScriptBuildPhase;
			buildActionMask = 2147483647;
			files = (
			);
			inputFileListPaths = (
			);
			inputPaths = (
				"${PODS_PODFILE_DIR_PATH}/Podfile.lock",
				"${PODS_ROOT}/Manifest.lock",
			);
			name = "[CP] Check Pods Manifest.lock";
			outputFileListPaths = (
			);
			outputPaths = (
				"$(DERIVED_FILE_DIR)/Pods-UnplashPhotos-checkManifestLockResult.txt",
			);
			runOnlyForDeploymentPostprocessing = 0;
			shellPath = /bin/sh;
			shellScript = "diff \"${PODS_PODFILE_DIR_PATH}/Podfile.lock\" \"${PODS_ROOT}/Manifest.lock\" > /dev/null\nif [ $? != 0 ] ; then\n    # print error to STDERR\n    echo \"error: The sandbox is not in sync with the Podfile.lock. Run 'pod install' or update your CocoaPods installation.\" >&2\n    exit 1\nfi\n# This output is used by Xcode 'outputs' to avoid re-running this script phase.\necho \"SUCCESS\" > \"${SCRIPT_OUTPUT_FILE_0}\"\n";
			showEnvVarsInLog = 0;
		};
/* End PBXShellScriptBuildPhase section */

/* Begin PBXSourcesBuildPhase section */
		8624069F2AF514B80058822C /* Sources */ = {
			isa = PBXSourcesBuildPhase;
			buildActionMask = 2147483647;
			files = (
				862554E32AF53787003F34D4 /* HomePageViewController.swift in Sources */,
				862554FB2AF5472E003F34D4 /* PhotoCollectionViewCell.swift in Sources */,
				862554ED2AF53D6F003F34D4 /* UnplashConfig.swift in Sources */,
				862406AB2AF514B80058822C /* ViewController.swift in Sources */,
				862554FF2AF5477A003F34D4 /* NSObject+Extension.swift in Sources */,
				862554F82AF540BE003F34D4 /* ImageURLs.swift in Sources */,
				862554F62AF5408A003F34D4 /* UnplashImageInfo.swift in Sources */,
				862554EA2AF53BB6003F34D4 /* UnplashAPI.swift in Sources */,
				862406A72AF514B80058822C /* AppDelegate.swift in Sources */,
				862406A92AF514B80058822C /* SceneDelegate.swift in Sources */,
				862554EF2AF53F57003F34D4 /* UnplashNetworkManager.swift in Sources */,
				8670510B2AF549EF0090304E /* CHTCollectionViewWaterfallLayout.swift in Sources */,
			);
			runOnlyForDeploymentPostprocessing = 0;
		};
/* End PBXSourcesBuildPhase section */

/* Begin PBXVariantGroup section */
		862406AC2AF514B80058822C /* Main.storyboard */ = {
			isa = PBXVariantGroup;
			children = (
				862406AD2AF514B80058822C /* Base */,
			);
			name = Main.storyboard;
			sourceTree = "<group>";
		};
		862406B12AF514B90058822C /* LaunchScreen.storyboard */ = {
			isa = PBXVariantGroup;
			children = (
				862406B22AF514B90058822C /* Base */,
			);
			name = LaunchScreen.storyboard;
			sourceTree = "<group>";
		};
/* End PBXVariantGroup section */

/* Begin XCBuildConfiguration section */
		862406B52AF514B90058822C /* Debug */ = {
			isa = XCBuildConfiguration;
			buildSettings = {
				ALWAYS_SEARCH_USER_PATHS = NO;
				CLANG_ANALYZER_NONNULL = YES;
				CLANG_ANALYZER_NUMBER_OBJECT_CONVERSION = YES_AGGRESSIVE;
				CLANG_CXX_LANGUAGE_STANDARD = "gnu++20";
				CLANG_ENABLE_MODULES = YES;
				CLANG_ENABLE_OBJC_ARC = YES;
				CLANG_ENABLE_OBJC_WEAK = YES;
				CLANG_WARN_BLOCK_CAPTURE_AUTORELEASING = YES;
				CLANG_WARN_BOOL_CONVERSION = YES;
				CLANG_WARN_COMMA = YES;
				CLANG_WARN_CONSTANT_CONVERSION = YES;
				CLANG_WARN_DEPRECATED_OBJC_IMPLEMENTATIONS = YES;
				CLANG_WARN_DIRECT_OBJC_ISA_USAGE = YES_ERROR;
				CLANG_WARN_DOCUMENTATION_COMMENTS = YES;
				CLANG_WARN_EMPTY_BODY = YES;
				CLANG_WARN_ENUM_CONVERSION = YES;
				CLANG_WARN_INFINITE_RECURSION = YES;
				CLANG_WARN_INT_CONVERSION = YES;
				CLANG_WARN_NON_LITERAL_NULL_CONVERSION = YES;
				CLANG_WARN_OBJC_IMPLICIT_RETAIN_SELF = YES;
				CLANG_WARN_OBJC_LITERAL_CONVERSION = YES;
				CLANG_WARN_OBJC_ROOT_CLASS = YES_ERROR;
				CLANG_WARN_QUOTED_INCLUDE_IN_FRAMEWORK_HEADER = YES;
				CLANG_WARN_RANGE_LOOP_ANALYSIS = YES;
				CLANG_WARN_STRICT_PROTOTYPES = YES;
				CLANG_WARN_SUSPICIOUS_MOVE = YES;
				CLANG_WARN_UNGUARDED_AVAILABILITY = YES_AGGRESSIVE;
				CLANG_WARN_UNREACHABLE_CODE = YES;
				CLANG_WARN__DUPLICATE_METHOD_MATCH = YES;
				COPY_PHASE_STRIP = NO;
				DEBUG_INFORMATION_FORMAT = dwarf;
				ENABLE_STRICT_OBJC_MSGSEND = YES;
				ENABLE_TESTABILITY = YES;
				GCC_C_LANGUAGE_STANDARD = gnu11;
				GCC_DYNAMIC_NO_PIC = NO;
				GCC_NO_COMMON_BLOCKS = YES;
				GCC_OPTIMIZATION_LEVEL = 0;
				GCC_PREPROCESSOR_DEFINITIONS = (
					"DEBUG=1",
					"$(inherited)",
				);
				GCC_WARN_64_TO_32_BIT_CONVERSION = YES;
				GCC_WARN_ABOUT_RETURN_TYPE = YES_ERROR;
				GCC_WARN_UNDECLARED_SELECTOR = YES;
				GCC_WARN_UNINITIALIZED_AUTOS = YES_AGGRESSIVE;
				GCC_WARN_UNUSED_FUNCTION = YES;
				GCC_WARN_UNUSED_VARIABLE = YES;
				IPHONEOS_DEPLOYMENT_TARGET = 16.4;
				MTL_ENABLE_DEBUG_INFO = INCLUDE_SOURCE;
				MTL_FAST_MATH = YES;
				ONLY_ACTIVE_ARCH = YES;
				SDKROOT = iphoneos;
				SWIFT_ACTIVE_COMPILATION_CONDITIONS = DEBUG;
				SWIFT_OPTIMIZATION_LEVEL = "-Onone";
			};
			name = Debug;
		};
		862406B62AF514B90058822C /* Release */ = {
			isa = XCBuildConfiguration;
			buildSettings = {
				ALWAYS_SEARCH_USER_PATHS = NO;
				CLANG_ANALYZER_NONNULL = YES;
				CLANG_ANALYZER_NUMBER_OBJECT_CONVERSION = YES_AGGRESSIVE;
				CLANG_CXX_LANGUAGE_STANDARD = "gnu++20";
				CLANG_ENABLE_MODULES = YES;
				CLANG_ENABLE_OBJC_ARC = YES;
				CLANG_ENABLE_OBJC_WEAK = YES;
				CLANG_WARN_BLOCK_CAPTURE_AUTORELEASING = YES;
				CLANG_WARN_BOOL_CONVERSION = YES;
				CLANG_WARN_COMMA = YES;
				CLANG_WARN_CONSTANT_CONVERSION = YES;
				CLANG_WARN_DEPRECATED_OBJC_IMPLEMENTATIONS = YES;
				CLANG_WARN_DIRECT_OBJC_ISA_USAGE = YES_ERROR;
				CLANG_WARN_DOCUMENTATION_COMMENTS = YES;
				CLANG_WARN_EMPTY_BODY = YES;
				CLANG_WARN_ENUM_CONVERSION = YES;
				CLANG_WARN_INFINITE_RECURSION = YES;
				CLANG_WARN_INT_CONVERSION = YES;
				CLANG_WARN_NON_LITERAL_NULL_CONVERSION = YES;
				CLANG_WARN_OBJC_IMPLICIT_RETAIN_SELF = YES;
				CLANG_WARN_OBJC_LITERAL_CONVERSION = YES;
				CLANG_WARN_OBJC_ROOT_CLASS = YES_ERROR;
				CLANG_WARN_QUOTED_INCLUDE_IN_FRAMEWORK_HEADER = YES;
				CLANG_WARN_RANGE_LOOP_ANALYSIS = YES;
				CLANG_WARN_STRICT_PROTOTYPES = YES;
				CLANG_WARN_SUSPICIOUS_MOVE = YES;
				CLANG_WARN_UNGUARDED_AVAILABILITY = YES_AGGRESSIVE;
				CLANG_WARN_UNREACHABLE_CODE = YES;
				CLANG_WARN__DUPLICATE_METHOD_MATCH = YES;
				COPY_PHASE_STRIP = NO;
				DEBUG_INFORMATION_FORMAT = "dwarf-with-dsym";
				ENABLE_NS_ASSERTIONS = NO;
				ENABLE_STRICT_OBJC_MSGSEND = YES;
				GCC_C_LANGUAGE_STANDARD = gnu11;
				GCC_NO_COMMON_BLOCKS = YES;
				GCC_WARN_64_TO_32_BIT_CONVERSION = YES;
				GCC_WARN_ABOUT_RETURN_TYPE = YES_ERROR;
				GCC_WARN_UNDECLARED_SELECTOR = YES;
				GCC_WARN_UNINITIALIZED_AUTOS = YES_AGGRESSIVE;
				GCC_WARN_UNUSED_FUNCTION = YES;
				GCC_WARN_UNUSED_VARIABLE = YES;
				IPHONEOS_DEPLOYMENT_TARGET = 16.4;
				MTL_ENABLE_DEBUG_INFO = NO;
				MTL_FAST_MATH = YES;
				SDKROOT = iphoneos;
				SWIFT_COMPILATION_MODE = wholemodule;
				SWIFT_OPTIMIZATION_LEVEL = "-O";
				VALIDATE_PRODUCT = YES;
			};
			name = Release;
		};
		862406B82AF514B90058822C /* Debug */ = {
			isa = XCBuildConfiguration;
			baseConfigurationReference = 09AC69652CE89CD6975E1A4B /* Pods-UnplashPhotos.debug.xcconfig */;
			buildSettings = {
				ASSETCATALOG_COMPILER_APPICON_NAME = AppIcon;
				ASSETCATALOG_COMPILER_GLOBAL_ACCENT_COLOR_NAME = AccentColor;
				CODE_SIGN_STYLE = Automatic;
				CURRENT_PROJECT_VERSION = 1;
				DEVELOPMENT_TEAM = G48HXH29LD;
				GENERATE_INFOPLIST_FILE = YES;
				INFOPLIST_FILE = UnplashPhotos/Info.plist;
				INFOPLIST_KEY_UIApplicationSupportsIndirectInputEvents = YES;
				INFOPLIST_KEY_UILaunchStoryboardName = LaunchScreen;
				INFOPLIST_KEY_UISupportedInterfaceOrientations_iPad = "UIInterfaceOrientationPortrait UIInterfaceOrientationPortraitUpsideDown UIInterfaceOrientationLandscapeLeft UIInterfaceOrientationLandscapeRight";
				INFOPLIST_KEY_UISupportedInterfaceOrientations_iPhone = "UIInterfaceOrientationPortrait UIInterfaceOrientationLandscapeLeft UIInterfaceOrientationLandscapeRight";
				LD_RUNPATH_SEARCH_PATHS = (
					"$(inherited)",
					"@executable_path/Frameworks",
				);
				MARKETING_VERSION = 1.0;
				PRODUCT_BUNDLE_IDENTIFIER = com.sagar.unplash.UnplashPhotos;
				PRODUCT_NAME = "$(TARGET_NAME)";
				SWIFT_EMIT_LOC_STRINGS = YES;
				SWIFT_VERSION = 5.0;
				TARGETED_DEVICE_FAMILY = "1,2";
			};
			name = Debug;
		};
		862406B92AF514B90058822C /* Release */ = {
			isa = XCBuildConfiguration;
			baseConfigurationReference = 7CA7F682E4F02E8E7FA1D0E2 /* Pods-UnplashPhotos.release.xcconfig */;
			buildSettings = {
				ASSETCATALOG_COMPILER_APPICON_NAME = AppIcon;
				ASSETCATALOG_COMPILER_GLOBAL_ACCENT_COLOR_NAME = AccentColor;
				CODE_SIGN_STYLE = Automatic;
				CURRENT_PROJECT_VERSION = 1;
				DEVELOPMENT_TEAM = G48HXH29LD;
				GENERATE_INFOPLIST_FILE = YES;
				INFOPLIST_FILE = UnplashPhotos/Info.plist;
				INFOPLIST_KEY_UIApplicationSupportsIndirectInputEvents = YES;
				INFOPLIST_KEY_UILaunchStoryboardName = LaunchScreen;
				INFOPLIST_KEY_UISupportedInterfaceOrientations_iPad = "UIInterfaceOrientationPortrait UIInterfaceOrientationPortraitUpsideDown UIInterfaceOrientationLandscapeLeft UIInterfaceOrientationLandscapeRight";
				INFOPLIST_KEY_UISupportedInterfaceOrientations_iPhone = "UIInterfaceOrientationPortrait UIInterfaceOrientationLandscapeLeft UIInterfaceOrientationLandscapeRight";
				LD_RUNPATH_SEARCH_PATHS = (
					"$(inherited)",
					"@executable_path/Frameworks",
				);
				MARKETING_VERSION = 1.0;
				PRODUCT_BUNDLE_IDENTIFIER = com.sagar.unplash.UnplashPhotos;
				PRODUCT_NAME = "$(TARGET_NAME)";
				SWIFT_EMIT_LOC_STRINGS = YES;
				SWIFT_VERSION = 5.0;
				TARGETED_DEVICE_FAMILY = "1,2";
			};
			name = Release;
		};
/* End XCBuildConfiguration section */

/* Begin XCConfigurationList section */
		8624069E2AF514B80058822C /* Build configuration list for PBXProject "UnplashPhotos" */ = {
			isa = XCConfigurationList;
			buildConfigurations = (
				862406B52AF514B90058822C /* Debug */,
				862406B62AF514B90058822C /* Release */,
			);
			defaultConfigurationIsVisible = 0;
			defaultConfigurationName = Release;
		};
		862406B72AF514B90058822C /* Build configuration list for PBXNativeTarget "UnplashPhotos" */ = {
			isa = XCConfigurationList;
			buildConfigurations = (
				862406B82AF514B90058822C /* Debug */,
				862406B92AF514B90058822C /* Release */,
			);
			defaultConfigurationIsVisible = 0;
			defaultConfigurationName = Release;
		};
/* End XCConfigurationList section */
	};
	rootObject = 8624069B2AF514B80058822C /* Project object */;
}
